
Microsoft Visual Studio Solution File, Format Version 12.00
# Visual Studio Version 17
VisualStudioVersion = 17.5.002.0
MinimumVisualStudioVersion = 10.0.40219.1
Project("{9A19103F-16F7-4668-BE54-9A1E7A4F7556}") = "ToDoGrpc", "ToDoGrpc\ToDoGrpc.csproj", "{82C399D8-DD9A-4931-B0D6-694134C12C22}"
EndProject
Global
	GlobalSection(SolutionConfigurationPlatforms) = preSolution
		Debug|Any CPU = Debug|Any CPU
		Release|Any CPU = Release|Any CPU
	EndGlobalSection
	GlobalSection(ProjectConfigurationPlatforms) = postSolution
		{82C399D8-DD9A-4931-B0D6-694134C12C22}.Debug|Any CPU.ActiveCfg = Debug|Any CPU
		{82C399D8-DD9A-4931-B0D6-694134C12C22}.Debug|Any CPU.Build.0 = Debug|Any CPU
		{82C399D8-DD9A-4931-B0D6-694134C12C22}.Release|Any CPU.ActiveCfg = Release|Any CPU
		{82C399D8-DD9A-4931-B0D6-694134C12C22}.Release|Any CPU.Build.0 = Release|Any CPU
	EndGlobalSection
	GlobalSection(SolutionProperties) = preSolution
		HideSolutionNode = FALSE
	EndGlobalSection
	GlobalSection(ExtensibilityGlobals) = postSolution
		SolutionGuid = {A2BE5786-639C-4579-AD3C-8EDD7DCBBC9B}
	EndGlobalSection
EndGlobal
